PODS:
  - agora_rtc_engine (6.5.3):
    - AgoraIrisRTC_iOS (= 4.5.2-build.1)
    - AgoraRtcEngine_iOS (= 4.5.2)
    - Flutter
  - AgoraInfra_iOS (1.2.13.1)
  - AgoraIrisRTC_iOS (4.5.2-build.1)
  - AgoraRtcEngine_iOS (4.5.2):
    - AgoraRtcEngine_iOS/AIAEC (= 4.5.2)
    - AgoraRtcEngine_iOS/AIAECLL (= 4.5.2)
    - AgoraRtcEngine_iOS/AINS (= 4.5.2)
    - AgoraRtcEngine_iOS/AINSLL (= 4.5.2)
    - AgoraRtcEngine_iOS/AudioBeauty (= 4.5.2)
    - AgoraRtcEngine_iOS/ClearVision (= 4.5.2)
    - AgoraRtcEngine_iOS/ContentInspect (= 4.5.2)
    - AgoraRtcEngine_iOS/FaceCapture (= 4.5.2)
    - AgoraRtcEngine_iOS/FaceDetection (= 4.5.2)
    - AgoraRtcEngine_iOS/LipSync (= 4.5.2)
    - AgoraRtcEngine_iOS/ReplayKit (= 4.5.2)
    - AgoraRtcEngine_iOS/RtcBasic (= 4.5.2)
    - AgoraRtcEngine_iOS/SpatialAudio (= 4.5.2)
    - AgoraRtcEngine_iOS/VideoAv1CodecDec (= 4.5.2)
    - AgoraRtcEngine_iOS/VideoAv1CodecEnc (= 4.5.2)
    - AgoraRtcEngine_iOS/VideoCodecDec (= 4.5.2)
    - AgoraRtcEngine_iOS/VideoCodecEnc (= 4.5.2)
    - AgoraRtcEngine_iOS/VirtualBackground (= 4.5.2)
    - AgoraRtcEngine_iOS/VQA (= 4.5.2)
  - AgoraRtcEngine_iOS/AIAEC (4.5.2)
  - AgoraRtcEngine_iOS/AIAECLL (4.5.2)
  - AgoraRtcEngine_iOS/AINS (4.5.2)
  - AgoraRtcEngine_iOS/AINSLL (4.5.2)
  - AgoraRtcEngine_iOS/AudioBeauty (4.5.2)
  - AgoraRtcEngine_iOS/ClearVision (4.5.2)
  - AgoraRtcEngine_iOS/ContentInspect (4.5.2)
  - AgoraRtcEngine_iOS/FaceCapture (4.5.2)
  - AgoraRtcEngine_iOS/FaceDetection (4.5.2)
  - AgoraRtcEngine_iOS/LipSync (4.5.2)
  - AgoraRtcEngine_iOS/ReplayKit (4.5.2)
  - AgoraRtcEngine_iOS/RtcBasic (4.5.2):
    - AgoraInfra_iOS (= 1.2.13.1)
  - AgoraRtcEngine_iOS/SpatialAudio (4.5.2)
  - AgoraRtcEngine_iOS/VideoAv1CodecDec (4.5.2)
  - AgoraRtcEngine_iOS/VideoAv1CodecEnc (4.5.2)
  - AgoraRtcEngine_iOS/VideoCodecDec (4.5.2)
  - AgoraRtcEngine_iOS/VideoCodecEnc (4.5.2)
  - AgoraRtcEngine_iOS/VirtualBackground (4.5.2)
  - AgoraRtcEngine_iOS/VQA (4.5.2)
  - device_info_plus (0.0.1):
    - Flutter
  - DKImagePickerController/Core (4.3.9):
    - DKImagePickerController/ImageDataManager
    - DKImagePickerController/Resource
  - DKImagePickerController/ImageDataManager (4.3.9)
  - DKImagePickerController/PhotoGallery (4.3.9):
    - DKImagePickerController/Core
    - DKPhotoGallery
  - DKImagePickerController/Resource (4.3.9)
  - DKPhotoGallery (0.0.19):
    - DKPhotoGallery/Core (= 0.0.19)
    - DKPhotoGallery/Model (= 0.0.19)
    - DKPhotoGallery/Preview (= 0.0.19)
    - DKPhotoGallery/Resource (= 0.0.19)
    - SDWebImage
    - SwiftyGif
  - DKPhotoGallery/Core (0.0.19):
    - DKPhotoGallery/Model
    - DKPhotoGallery/Preview
    - SDWebImage
    - SwiftyGif
  - DKPhotoGallery/Model (0.0.19):
    - SDWebImage
    - SwiftyGif
  - DKPhotoGallery/Preview (0.0.19):
    - DKPhotoGallery/Model
    - DKPhotoGallery/Resource
    - SDWebImage
    - SwiftyGif
  - DKPhotoGallery/Resource (0.0.19):
    - SDWebImage
    - SwiftyGif
  - file_picker (0.0.1):
    - DKImagePickerController/PhotoGallery
    - Flutter
  - Flutter (1.0.0)
  - flutter_pdfview (1.0.2):
    - Flutter
  - flutter_secure_storage (6.0.0):
    - Flutter
  - iris_method_channel (0.0.1):
    - Flutter
  - open_file_ios (1.0.3):
    - Flutter
  - package_info_plus (0.4.5):
    - Flutter
  - path_provider_foundation (0.0.1):
    - Flutter
    - FlutterMacOS
  - permission_handler_apple (9.3.0):
    - Flutter
  - SDWebImage (5.21.5):
    - SDWebImage/Core (= 5.21.5)
  - SDWebImage/Core (5.21.5)
  - shared_preferences_foundation (0.0.1):
    - Flutter
    - FlutterMacOS
  - SwiftyGif (5.4.5)
  - syncfusion_flutter_pdfviewer (0.0.1):
    - Flutter
  - url_launcher_ios (0.0.1):
    - Flutter
  - webview_flutter_wkwebview (0.0.1):
    - Flutter
    - FlutterMacOS

DEPENDENCIES:
  - agora_rtc_engine (from `.symlinks/plugins/agora_rtc_engine/ios`)
  - device_info_plus (from `.symlinks/plugins/device_info_plus/ios`)
  - file_picker (from `.symlinks/plugins/file_picker/ios`)
  - Flutter (from `Flutter`)
  - flutter_pdfview (from `.symlinks/plugins/flutter_pdfview/ios`)
  - flutter_secure_storage (from `.symlinks/plugins/flutter_secure_storage/ios`)
  - iris_method_channel (from `.symlinks/plugins/iris_method_channel/ios`)
  - open_file_ios (from `.symlinks/plugins/open_file_ios/ios`)
  - package_info_plus (from `.symlinks/plugins/package_info_plus/ios`)
  - path_provider_foundation (from `.symlinks/plugins/path_provider_foundation/darwin`)
  - permission_handler_apple (from `.symlinks/plugins/permission_handler_apple/ios`)
  - shared_preferences_foundation (from `.symlinks/plugins/shared_preferences_foundation/darwin`)
  - syncfusion_flutter_pdfviewer (from `.symlinks/plugins/syncfusion_flutter_pdfviewer/ios`)
  - url_launcher_ios (from `.symlinks/plugins/url_launcher_ios/ios`)
  - webview_flutter_wkwebview (from `.symlinks/plugins/webview_flutter_wkwebview/darwin`)

SPEC REPOS:
  trunk:
    - AgoraInfra_iOS
    - AgoraIrisRTC_iOS
    - AgoraRtcEngine_iOS
    - DKImagePickerController
    - DKPhotoGallery
    - SDWebImage
    - SwiftyGif

EXTERNAL SOURCES:
  agora_rtc_engine:
    :path: ".symlinks/plugins/agora_rtc_engine/ios"
  device_info_plus:
    :path: ".symlinks/plugins/device_info_plus/ios"
  file_picker:
    :path: ".symlinks/plugins/file_picker/ios"
  Flutter:
    :path: Flutter
  flutter_pdfview:
    :path: ".symlinks/plugins/flutter_pdfview/ios"
  flutter_secure_storage:
    :path: ".symlinks/plugins/flutter_secure_storage/ios"
  iris_method_channel:
    :path: ".symlinks/plugins/iris_method_channel/ios"
  open_file_ios:
    :path: ".symlinks/plugins/open_file_ios/ios"
  package_info_plus:
    :path: ".symlinks/plugins/package_info_plus/ios"
  path_provider_foundation:
    :path: ".symlinks/plugins/path_provider_foundation/darwin"
  permission_handler_apple:
    :path: ".symlinks/plugins/permission_handler_apple/ios"
  shared_preferences_foundation:
    :path: ".symlinks/plugins/shared_preferences_foundation/darwin"
  syncfusion_flutter_pdfviewer:
    :path: ".symlinks/plugins/syncfusion_flutter_pdfviewer/ios"
  url_launcher_ios:
    :path: ".symlinks/plugins/url_launcher_ios/ios"
  webview_flutter_wkwebview:
    :path: ".symlinks/plugins/webview_flutter_wkwebview/darwin"

SPEC CHECKSUMS:
  agora_rtc_engine: da45ea14c402317c9e22fdb9ffe504d9a1acbe68
  AgoraInfra_iOS: 3691b2b277a1712a35ae96de25af319de0d73d08
  AgoraIrisRTC_iOS: eab58c126439adf5ec99632828a558ea216860da
  AgoraRtcEngine_iOS: 97e2398a2addda9057815a2a583a658e36796ff6
  device_info_plus: bf2e3232933866d73fe290f2942f2156cdd10342
  DKImagePickerController: 946cec48c7873164274ecc4624d19e3da4c1ef3c
  DKPhotoGallery: b3834fecb755ee09a593d7c9e389d8b5d6deed60
  file_picker: b159e0c068aef54932bb15dc9fd1571818edaf49
  Flutter: cabc95a1d2626b1b06e7179b784ebcf0c0cde467
  flutter_pdfview: 2e4d13ffb774858562ffbdfdb61b40744b191adc
  flutter_secure_storage: d33dac7ae2ea08509be337e775f6b59f1ff45f12
  iris_method_channel: 4e3fe7fe6b2db1b84feae956e98ce1479402627a
  open_file_ios: ece9c5358aec7b7ed7dc12fcb0f926ef6d6650f1
  package_info_plus: c0502532a26c7662a62a356cebe2692ec5fe4ec4
  path_provider_foundation: 0b743cbb62d8e47eab856f09262bb8c1ddcfe6ba
  permission_handler_apple: 9878588469a2b0d0fc1e048d9f43605f92e6cec2
  SDWebImage: e9c98383c7572d713c1a0d7dd2783b10599b9838
  shared_preferences_foundation: 5086985c1d43c5ba4d5e69a4e8083a389e2909e6
  SwiftyGif: 706c60cf65fa2bc5ee0313beece843c8eb8194d4
  syncfusion_flutter_pdfviewer: cfcf23c03816192575902e615fa50adc9f95b724
  url_launcher_ios: bb13df5870e8c4234ca12609d04010a21be43dfa
  webview_flutter_wkwebview: 29eb20d43355b48fe7d07113835b9128f84e3af4

PODFILE CHECKSUM: 1d6eaf720b3008a10026d0512a952149315d4c13

COCOAPODS: 1.16.2
